
Microsoft Visual Studio Solution File, Format Version 12.00
# Visual Studio Version 17
VisualStudioVersion = 17.5.33516.290
MinimumVisualStudioVersion = 10.0.40219.1
Project("{FAE04EC0-301F-11D3-BF4B-00C04F79EFBC}") = "wp12_finedustCheck", "wp12_finedustCheck\wp12_finedustCheck.csproj", "{10B9F050-D467-4D7D-939F-F419B5DD6F7B}"
EndProject
Project("{FAE04EC0-301F-11D3-BF4B-00C04F79EFBC}") = "wp11_movieFinder", "wp11_movieFinder\wp11_movieFinder.csproj", "{A5CB094F-FEBB-45D7-891B-E0BDDB8B7B05}"
EndProject
Global
	GlobalSection(SolutionConfigurationPlatforms) = preSolution
		Debug|Any CPU = Debug|Any CPU
		Release|Any CPU = Release|Any CPU
	EndGlobalSection
	GlobalSection(ProjectConfigurationPlatforms) = postSolution
		{10B9F050-D467-4D7D-939F-F419B5DD6F7B}.Debug|Any CPU.ActiveCfg = Debug|Any CPU
		{10B9F050-D467-4D7D-939F-F419B5DD6F7B}.Debug|Any CPU.Build.0 = Debug|Any CPU
		{10B9F050-D467-4D7D-939F-F419B5DD6F7B}.Release|Any CPU.ActiveCfg = Release|Any CPU
		{10B9F050-D467-4D7D-939F-F419B5DD6F7B}.Release|Any CPU.Build.0 = Release|Any CPU
		{A5CB094F-FEBB-45D7-891B-E0BDDB8B7B05}.Debug|Any CPU.ActiveCfg = Debug|Any CPU
		{A5CB094F-FEBB-45D7-891B-E0BDDB8B7B05}.Debug|Any CPU.Build.0 = Debug|Any CPU
		{A5CB094F-FEBB-45D7-891B-E0BDDB8B7B05}.Release|Any CPU.ActiveCfg = Release|Any CPU
		{A5CB094F-FEBB-45D7-891B-E0BDDB8B7B05}.Release|Any CPU.Build.0 = Release|Any CPU
	EndGlobalSection
	GlobalSection(SolutionProperties) = preSolution
		HideSolutionNode = FALSE
	EndGlobalSection
	GlobalSection(ExtensibilityGlobals) = postSolution
		SolutionGuid = {811A2F3A-09D0-44EB-962F-06E3EFE40117}
	EndGlobalSection
EndGlobal
